{
  "name": "basis",
  "version": "1.0.0",
  "lockfileVersion": 1,
  "requires": true,
  "dependencies": {
    "type.css": {
      "version": "0.1.0",
      "resolved": "https://registry.npmjs.org/type.css/-/type.css-0.1.0.tgz",
      "integrity": "sha1-USHaCbVBwAJuc3NlEPfKmrU5SQE=",
      "dev": true
    }
  }
}
